
Microsoft Visual Studio Solution File, Format Version 12.00
# Visual Studio Version 16
VisualStudioVersion = 16.0.31205.134
MinimumVisualStudioVersion = 10.0.40219.1
Project("{FAE04EC0-301F-11D3-BF4B-00C04F79EFBC}") = "e-commerceApp", "e-commerceApp\e-commerceApp.csproj", "{68C1A2AA-76E6-42A6-BE92-6D3627E3988D}"
EndProject
Global
	GlobalSection(SolutionConfigurationPlatforms) = preSolution
		Debug|Any CPU = Debug|Any CPU
		Release|Any CPU = Release|Any CPU
	EndGlobalSection
	GlobalSection(ProjectConfigurationPlatforms) = postSolution
		{68C1A2AA-76E6-42A6-BE92-6D3627E3988D}.Debug|Any CPU.ActiveCfg = Debug|Any CPU
		{68C1A2AA-76E6-42A6-BE92-6D3627E3988D}.Debug|Any CPU.Build.0 = Debug|Any CPU
		{68C1A2AA-76E6-42A6-BE92-6D3627E3988D}.Release|Any CPU.ActiveCfg = Release|Any CPU
		{68C1A2AA-76E6-42A6-BE92-6D3627E3988D}.Release|Any CPU.Build.0 = Release|Any CPU
	EndGlobalSection
	GlobalSection(SolutionProperties) = preSolution
		HideSolutionNode = FALSE
	EndGlobalSection
	GlobalSection(ExtensibilityGlobals) = postSolution
		SolutionGuid = {453FBA8A-E860-4D5A-BF9C-D84FBA4900EC}
	EndGlobalSection
EndGlobal
